
Microsoft Visual Studio Solution File, Format Version 12.00
# Visual Studio Version 16
VisualStudioVersion = 16.0.29728.190
MinimumVisualStudioVersion = 10.0.40219.1
Project("{FAE04EC0-301F-11D3-BF4B-00C04F79EFBC}") = "ConsoleApp2", "ConsoleApp2\ConsoleApp2.csproj", "{DB355744-4B28-4669-938D-7C3D365FAE8F}"
EndProject
Global
	GlobalSection(SolutionConfigurationPlatforms) = preSolution
		Debug|Any CPU = Debug|Any CPU
		Release|Any CPU = Release|Any CPU
	EndGlobalSection
	GlobalSection(ProjectConfigurationPlatforms) = postSolution
		{DB355744-4B28-4669-938D-7C3D365FAE8F}.Debug|Any CPU.ActiveCfg = Debug|Any CPU
		{DB355744-4B28-4669-938D-7C3D365FAE8F}.Debug|Any CPU.Build.0 = Debug|Any CPU
		{DB355744-4B28-4669-938D-7C3D365FAE8F}.Release|Any CPU.ActiveCfg = Release|Any CPU
		{DB355744-4B28-4669-938D-7C3D365FAE8F}.Release|Any CPU.Build.0 = Release|Any CPU
	EndGlobalSection
	GlobalSection(SolutionProperties) = preSolution
		HideSolutionNode = FALSE
	EndGlobalSection
	GlobalSection(ExtensibilityGlobals) = postSolution
		SolutionGuid = {836DAF0E-843B-4400-9067-A2141CE71F07}
	EndGlobalSection
EndGlobal
