
Microsoft Visual Studio Solution File, Format Version 12.00
# Visual Studio Version 16
VisualStudioVersion = 16.0.29728.190
MinimumVisualStudioVersion = 10.0.40219.1
Project("{FAE04EC0-301F-11D3-BF4B-00C04F79EFBC}") = "Calculator", "Calculator\Calculator.csproj", "{60AF1B85-FD8B-4236-BAEB-8381B4C516F0}"
EndProject
Global
	GlobalSection(SolutionConfigurationPlatforms) = preSolution
		Debug|Any CPU = Debug|Any CPU
		Release|Any CPU = Release|Any CPU
	EndGlobalSection
	GlobalSection(ProjectConfigurationPlatforms) = postSolution
		{60AF1B85-FD8B-4236-BAEB-8381B4C516F0}.Debug|Any CPU.ActiveCfg = Debug|Any CPU
		{60AF1B85-FD8B-4236-BAEB-8381B4C516F0}.Debug|Any CPU.Build.0 = Debug|Any CPU
		{60AF1B85-FD8B-4236-BAEB-8381B4C516F0}.Release|Any CPU.ActiveCfg = Release|Any CPU
		{60AF1B85-FD8B-4236-BAEB-8381B4C516F0}.Release|Any CPU.Build.0 = Release|Any CPU
	EndGlobalSection
	GlobalSection(SolutionProperties) = preSolution
		HideSolutionNode = FALSE
	EndGlobalSection
	GlobalSection(ExtensibilityGlobals) = postSolution
		SolutionGuid = {C949B846-2681-4536-A7A5-EEFE40FE012B}
	EndGlobalSection
EndGlobal
