
Microsoft Visual Studio Solution File, Format Version 12.00
# Visual Studio Version 16
VisualStudioVersion = 16.0.29728.190
MinimumVisualStudioVersion = 10.0.40219.1
Project("{FAE04EC0-301F-11D3-BF4B-00C04F79EFBC}") = "working files", "working files\working files.csproj", "{3931D44A-7B96-4BE3-AE4A-3011968AB2F0}"
EndProject
Global
	GlobalSection(SolutionConfigurationPlatforms) = preSolution
		Debug|Any CPU = Debug|Any CPU
		Release|Any CPU = Release|Any CPU
	EndGlobalSection
	GlobalSection(ProjectConfigurationPlatforms) = postSolution
		{3931D44A-7B96-4BE3-AE4A-3011968AB2F0}.Debug|Any CPU.ActiveCfg = Debug|Any CPU
		{3931D44A-7B96-4BE3-AE4A-3011968AB2F0}.Debug|Any CPU.Build.0 = Debug|Any CPU
		{3931D44A-7B96-4BE3-AE4A-3011968AB2F0}.Release|Any CPU.ActiveCfg = Release|Any CPU
		{3931D44A-7B96-4BE3-AE4A-3011968AB2F0}.Release|Any CPU.Build.0 = Release|Any CPU
	EndGlobalSection
	GlobalSection(SolutionProperties) = preSolution
		HideSolutionNode = FALSE
	EndGlobalSection
	GlobalSection(ExtensibilityGlobals) = postSolution
		SolutionGuid = {CBB5D5DF-8962-427A-8F09-F2F20BAE19B1}
	EndGlobalSection
EndGlobal
